// !$*UTF8*$!
{
	archiveVersion = 1;
	classes = {
	};
	objectVersion = 46;
	objects = {

/* Begin PBXBuildFile section */
		28AB32631A858E7A00CB8E32 /* main.m in Sources */ = {isa = PBXBuildFile; fileRef = 28AB32621A858E7A00CB8E32 /* main.m */; };
		28AB32661A858E7A00CB8E32 /* AppDelegate.m in Sources */ = {isa = PBXBuildFile; fileRef = 28AB32651A858E7A00CB8E32 /* AppDelegate.m */; };
		28AB32691A858E7A00CB8E32 /* Man_s_Best_Friend.xcdatamodeld in Sources */ = {isa = PBXBuildFile; fileRef = 28AB32671A858E7A00CB8E32 /* Man_s_Best_Friend.xcdatamodeld */; };
		28AB326C1A858E7A00CB8E32 /* ViewController.m in Sources */ = {isa = PBXBuildFile; fileRef = 28AB326B1A858E7A00CB8E32 /* ViewController.m */; };
		28AB326F1A858E7A00CB8E32 /* Main.storyboard in Resources */ = {isa = PBXBuildFile; fileRef = 28AB326D1A858E7A00CB8E32 /* Main.storyboard */; };
		28AB32711A858E7A00CB8E32 /* Images.xcassets in Resources */ = {isa = PBXBuildFile; fileRef = 28AB32701A858E7A00CB8E32 /* Images.xcassets */; };
		28AB32741A858E7A00CB8E32 /* LaunchScreen.xib in Resources */ = {isa = PBXBuildFile; fileRef = 28AB32721A858E7A00CB8E32 /* LaunchScreen.xib */; };
		28AB32801A858E7A00CB8E32 /* Man_s_Best_FriendTests.m in Sources */ = {isa = PBXBuildFile; fileRef = 28AB327F1A858E7A00CB8E32 /* Man_s_Best_FriendTests.m */; };
/* End PBXBuildFile section */

/* Begin PBXContainerItemProxy section */
		28AB327A1A858E7A00CB8E32 /* PBXContainerItemProxy */ = {
			isa = PBXContainerItemProxy;
			containerPortal = 28AB32551A858E7A00CB8E32 /* Project object */;
			proxyType = 1;
			remoteGlobalIDString = 28AB325C1A858E7A00CB8E32;
			remoteInfo = "Man's Best Friend";
		};
/* End PBXContainerItemProxy section */

/* Begin PBXFileReference section */
		28AB325D1A858E7A00CB8E32 /* Man's Best Friend.app */ = {isa = PBXFileReference; explicitFileType = wrapper.application; includeInIndex = 0; path = "Man's Best Friend.app"; sourceTree = BUILT_PRODUCTS_DIR; };
		28AB32611A858E7A00CB8E32 /* Info.plist */ = {isa = PBXFileReference; lastKnownFileType = text.plist.xml; path = Info.plist; sourceTree = "<group>"; };
		28AB32621A858E7A00CB8E32 /* main.m */ = {isa = PBXFileReference; lastKnownFileType = sourcecode.c.objc; path = main.m; sourceTree = "<group>"; };
		28AB32641A858E7A00CB8E32 /* AppDelegate.h */ = {isa = PBXFileReference; lastKnownFileType = sourcecode.c.h; path = AppDelegate.h; sourceTree = "<group>"; };
		28AB32651A858E7A00CB8E32 /* AppDelegate.m */ = {isa = PBXFileReference; lastKnownFileType = sourcecode.c.objc; path = AppDelegate.m; sourceTree = "<group>"; };
		28AB32681A858E7A00CB8E32 /* Man_s_Best_Friend.xcdatamodel */ = {isa = PBXFileReference; lastKnownFileType = wrapper.xcdatamodel; path = Man_s_Best_Friend.xcdatamodel; sourceTree = "<group>"; };
		28AB326A1A858E7A00CB8E32 /* ViewController.h */ = {isa = PBXFileReference; lastKnownFileType = sourcecode.c.h; path = ViewController.h; sourceTree = "<group>"; };
		28AB326B1A858E7A00CB8E32 /* ViewController.m */ = {isa = PBXFileReference; lastKnownFileType = sourcecode.c.objc; path = ViewController.m; sourceTree = "<group>"; };
		28AB326E1A858E7A00CB8E32 /* Base */ = {isa = PBXFileReference; lastKnownFileType = file.storyboard; name = Base; path = Base.lproj/Main.storyboard; sourceTree = "<group>"; };
		28AB32701A858E7A00CB8E32 /* Images.xcassets */ = {isa = PBXFileReference; lastKnownFileType = folder.assetcatalog; path = Images.xcassets; sourceTree = "<group>"; };
		28AB32731A858E7A00CB8E32 /* Base */ = {isa = PBXFileReference; lastKnownFileType = file.xib; name = Base; path = Base.lproj/LaunchScreen.xib; sourceTree = "<group>"; };
		28AB32791A858E7A00CB8E32 /* Man's Best FriendTests.xctest */ = {isa = PBXFileReference; explicitFileType = wrapper.cfbundle; includeInIndex = 0; path = "Man's Best FriendTests.xctest"; sourceTree = BUILT_PRODUCTS_DIR; };
		28AB327E1A858E7A00CB8E32 /* Info.plist */ = {isa = PBXFileReference; lastKnownFileType = text.plist.xml; path = Info.plist; sourceTree = "<group>"; };
		28AB327F1A858E7A00CB8E32 /* Man_s_Best_FriendTests.m */ = {isa = PBXFileReference; lastKnownFileType = sourcecode.c.objc; path = Man_s_Best_FriendTests.m; sourceTree = "<group>"; };
/* End PBXFileReference section */

/* Begin PBXFrameworksBuildPhase section */
		28AB325A1A858E7A00CB8E32 /* Frameworks */ = {
			isa = PBXFrameworksBuildPhase;
			buildActionMask = 2147483647;
			files = (
			);
			runOnlyForDeploymentPostprocessing = 0;
		};
		28AB32761A858E7A00CB8E32 /* Frameworks */ = {
			isa = PBXFrameworksBuildPhase;
			buildActionMask = 2147483647;
			files = (
			);
			runOnlyForDeploymentPostprocessing = 0;
		};
/* End PBXFrameworksBuildPhase section */

/* Begin PBXGroup section */
		28AB32541A858E7A00CB8E32 = {
			isa = PBXGroup;
			children = (
				28AB325F1A858E7A00CB8E32 /* Man's Best Friend */,
				28AB327C1A858E7A00CB8E32 /* Man's Best FriendTests */,
				28AB325E1A858E7A00CB8E32 /* Products */,
			);
			sourceTree = "<group>";
		};
		28AB325E1A858E7A00CB8E32 /* Products */ = {
			isa = PBXGroup;
			children = (
				28AB325D1A858E7A00CB8E32 /* Man's Best Friend.app */,
				28AB32791A858E7A00CB8E32 /* Man's Best FriendTests.xctest */,
			);
			name = Products;
			sourceTree = "<group>";
		};
		28AB325F1A858E7A00CB8E32 /* Man's Best Friend */ = {
			isa = PBXGroup;
			children = (
				28AB32641A858E7A00CB8E32 /* AppDelegate.h */,
				28AB32651A858E7A00CB8E32 /* AppDelegate.m */,
				28AB326A1A858E7A00CB8E32 /* ViewController.h */,
				28AB326B1A858E7A00CB8E32 /* ViewController.m */,
				28AB326D1A858E7A00CB8E32 /* Main.storyboard */,
				28AB32701A858E7A00CB8E32 /* Images.xcassets */,
				28AB32721A858E7A00CB8E32 /* LaunchScreen.xib */,
				28AB32671A858E7A00CB8E32 /* Man_s_Best_Friend.xcdatamodeld */,
				28AB32601A858E7A00CB8E32 /* Supporting Files */,
			);
			path = "Man's Best Friend";
			sourceTree = "<group>";
		};
		28AB32601A858E7A00CB8E32 /* Supporting Files */ = {
			isa = PBXGroup;
			children = (
				28AB32611A858E7A00CB8E32 /* Info.plist */,
				28AB32621A858E7A00CB8E32 /* main.m */,
			);
			name = "Supporting Files";
			sourceTree = "<group>";
		};
		28AB327C1A858E7A00CB8E32 /* Man's Best FriendTests */ = {
			isa = PBXGroup;
			children = (
				28AB327F1A858E7A00CB8E32 /* Man_s_Best_FriendTests.m */,
				28AB327D1A858E7A00CB8E32 /* Supporting Files */,
			);
			path = "Man's Best FriendTests";
			sourceTree = "<group>";
		};
		28AB327D1A858E7A00CB8E32 /* Supporting Files */ = {
			isa = PBXGroup;
			children = (
				28AB327E1A858E7A00CB8E32 /* Info.plist */,
			);
			name = "Supporting Files";
			sourceTree = "<group>";
		};
/* End PBXGroup section */

/* Begin PBXNativeTarget section */
		28AB325C1A858E7A00CB8E32 /* Man's Best Friend */ = {
			isa = PBXNativeTarget;
			buildConfigurationList = 28AB32831A858E7A00CB8E32 /* Build configuration list for PBXNativeTarget "Man's Best Friend" */;
			buildPhases = (
				28AB32591A858E7A00CB8E32 /* Sources */,
				28AB325A1A858E7A00CB8E32 /* Frameworks */,
				28AB325B1A858E7A00CB8E32 /* Resources */,
			);
			buildRules = (
			);
			dependencies = (
			);
			name = "Man's Best Friend";
			productName = "Man's Best Friend";
			productReference = 28AB325D1A858E7A00CB8E32 /* Man's Best Friend.app */;
			productType = "com.apple.product-type.application";
		};
		28AB32781A858E7A00CB8E32 /* Man's Best FriendTests */ = {
			isa = PBXNativeTarget;
			buildConfigurationList = 28AB32861A858E7A00CB8E32 /* Build configuration list for PBXNativeTarget "Man's Best FriendTests" */;
			buildPhases = (
				28AB32751A858E7A00CB8E32 /* Sources */,
				28AB32761A858E7A00CB8E32 /* Frameworks */,
				28AB32771A858E7A00CB8E32 /* Resources */,
			);
			buildRules = (
			);
			dependencies = (
				28AB327B1A858E7A00CB8E32 /* PBXTargetDependency */,
			);
			name = "Man's Best FriendTests";
			productName = "Man's Best FriendTests";
			productReference = 28AB32791A858E7A00CB8E32 /* Man's Best FriendTests.xctest */;
			productType = "com.apple.product-type.bundle.unit-test";
		};
/* End PBXNativeTarget section */

/* Begin PBXProject section */
		28AB32551A858E7A00CB8E32 /* Project object */ = {
			isa = PBXProject;
			attributes = {
				LastUpgradeCheck = 0610;
				ORGANIZATIONNAME = "Shaun Dunne";
				TargetAttributes = {
					28AB325C1A858E7A00CB8E32 = {
						CreatedOnToolsVersion = 6.1.1;
					};
					28AB32781A858E7A00CB8E32 = {
						CreatedOnToolsVersion = 6.1.1;
						TestTargetID = 28AB325C1A858E7A00CB8E32;
					};
				};
			};
			buildConfigurationList = 28AB32581A858E7A00CB8E32 /* Build configuration list for PBXProject "Man's Best Friend" */;
			compatibilityVersion = "Xcode 3.2";
			developmentRegion = English;
			hasScannedForEncodings = 0;
			knownRegions = (
				en,
				Base,
			);
			mainGroup = 28AB32541A858E7A00CB8E32;
			productRefGroup = 28AB325E1A858E7A00CB8E32 /* Products */;
			projectDirPath = "";
			projectRoot = "";
			targets = (
				28AB325C1A858E7A00CB8E32 /* Man's Best Friend */,
				28AB32781A858E7A00CB8E32 /* Man's Best FriendTests */,
			);
		};
/* End PBXProject section */

/* Begin PBXResourcesBuildPhase section */
		28AB325B1A858E7A00CB8E32 /* Resources */ = {
			isa = PBXResourcesBuildPhase;
			buildActionMask = 2147483647;
			files = (
				28AB326F1A858E7A00CB8E32 /* Main.storyboard in Resources */,
				28AB32741A858E7A00CB8E32 /* LaunchScreen.xib in Resources */,
				28AB32711A858E7A00CB8E32 /* Images.xcassets in Resources */,
			);
			runOnlyForDeploymentPostprocessing = 0;
		};
		28AB32771A858E7A00CB8E32 /* Resources */ = {
			isa = PBXResourcesBuildPhase;
			buildActionMask = 2147483647;
			files = (
			);
			runOnlyForDeploymentPostprocessing = 0;
		};
/* End PBXResourcesBuildPhase section */

/* Begin PBXSourcesBuildPhase section */
		28AB32591A858E7A00CB8E32 /* Sources */ = {
			isa = PBXSourcesBuildPhase;
			buildActionMask = 2147483647;
			files = (
				28AB32661A858E7A00CB8E32 /* AppDelegate.m in Sources */,
				28AB32691A858E7A00CB8E32 /* Man_s_Best_Friend.xcdatamodeld in Sources */,
				28AB326C1A858E7A00CB8E32 /* ViewController.m in Sources */,
				28AB32631A858E7A00CB8E32 /* main.m in Sources */,
			);
			runOnlyForDeploymentPostprocessing = 0;
		};
		28AB32751A858E7A00CB8E32 /* Sources */ = {
			isa = PBXSourcesBuildPhase;
			buildActionMask = 2147483647;
			files = (
				28AB32801A858E7A00CB8E32 /* Man_s_Best_FriendTests.m in Sources */,
			);
			runOnlyForDeploymentPostprocessing = 0;
		};
/* End PBXSourcesBuildPhase section */

/* Begin PBXTargetDependency section */
		28AB327B1A858E7A00CB8E32 /* PBXTargetDependency */ = {
			isa = PBXTargetDependency;
			target = 28AB325C1A858E7A00CB8E32 /* Man's Best Friend */;
			targetProxy = 28AB327A1A858E7A00CB8E32 /* PBXContainerItemProxy */;
		};
/* End PBXTargetDependency section */

/* Begin PBXVariantGroup section */
		28AB326D1A858E7A00CB8E32 /* Main.storyboard */ = {
			isa = PBXVariantGroup;
			children = (
				28AB326E1A858E7A00CB8E32 /* Base */,
			);
			name = Main.storyboard;
			sourceTree = "<group>";
		};
		28AB32721A858E7A00CB8E32 /* LaunchScreen.xib */ = {
			isa = PBXVariantGroup;
			children = (
				28AB32731A858E7A00CB8E32 /* Base */,
			);
			name = LaunchScreen.xib;
			sourceTree = "<group>";
		};
/* End PBXVariantGroup section */

/* Begin XCBuildConfiguration section */
		28AB32811A858E7A00CB8E32 /* Debug */ = {
			isa = XCBuildConfiguration;
			buildSettings = {
				ALWAYS_SEARCH_USER_PATHS = NO;
				CLANG_CXX_LANGUAGE_STANDARD = "gnu++0x";
				CLANG_CXX_LIBRARY = "libc++";
				CLANG_ENABLE_MODULES = YES;
				CLANG_ENABLE_OBJC_ARC = YES;
				CLANG_WARN_BOOL_CONVERSION = YES;
				CLANG_WARN_CONSTANT_CONVERSION = YES;
				CLANG_WARN_DIRECT_OBJC_ISA_USAGE = YES_ERROR;
				CLANG_WARN_EMPTY_BODY = YES;
				CLANG_WARN_ENUM_CONVERSION = YES;
				CLANG_WARN_INT_CONVERSION = YES;
				CLANG_WARN_OBJC_ROOT_CLASS = YES_ERROR;
				CLANG_WARN_UNREACHABLE_CODE = YES;
				CLANG_WARN__DUPLICATE_METHOD_MATCH = YES;
				"CODE_SIGN_IDENTITY[sdk=iphoneos*]" = "iPhone Developer";
				COPY_PHASE_STRIP = NO;
				ENABLE_STRICT_OBJC_MSGSEND = YES;
				GCC_C_LANGUAGE_STANDARD = gnu99;
				GCC_DYNAMIC_NO_PIC = NO;
				GCC_OPTIMIZATION_LEVEL = 0;
				GCC_PREPROCESSOR_DEFINITIONS = (
					"DEBUG=1",
					"$(inherited)",
				);
				GCC_SYMBOLS_PRIVATE_EXTERN = NO;
				GCC_WARN_64_TO_32_BIT_CONVERSION = YES;
				GCC_WARN_ABOUT_RETURN_TYPE = YES_ERROR;
				GCC_WARN_UNDECLARED_SELECTOR = YES;
				GCC_WARN_UNINITIALIZED_AUTOS = YES_AGGRESSIVE;
				GCC_WARN_UNUSED_FUNCTION = YES;
				GCC_WARN_UNUSED_VARIABLE = YES;
				IPHONEOS_DEPLOYMENT_TARGET = 8.1;
				MTL_ENABLE_DEBUG_INFO = YES;
				ONLY_ACTIVE_ARCH = YES;
				SDKROOT = iphoneos;
			};
			name = Debug;
		};
		28AB32821A858E7A00CB8E32 /* Release */ = {
			isa = XCBuildConfiguration;
			buildSettings = {
				ALWAYS_SEARCH_USER_PATHS = NO;
				CLANG_CXX_LANGUAGE_STANDARD = "gnu++0x";
				CLANG_CXX_LIBRARY = "libc++";
				CLANG_ENABLE_MODULES = YES;
				CLANG_ENABLE_OBJC_ARC = YES;
				CLANG_WARN_BOOL_CONVERSION = YES;
				CLANG_WARN_CONSTANT_CONVERSION = YES;
				CLANG_WARN_DIRECT_OBJC_ISA_USAGE = YES_ERROR;
				CLANG_WARN_EMPTY_BODY = YES;
				CLANG_WARN_ENUM_CONVERSION = YES;
				CLANG_WARN_INT_CONVERSION = YES;
				CLANG_WARN_OBJC_ROOT_CLASS = YES_ERROR;
				CLANG_WARN_UNREACHABLE_CODE = YES;
				CLANG_WARN__DUPLICATE_METHOD_MATCH = YES;
				"CODE_SIGN_IDENTITY[sdk=iphoneos*]" = "iPhone Developer";
				COPY_PHASE_STRIP = YES;
				ENABLE_NS_ASSERTIONS = NO;
				ENABLE_STRICT_OBJC_MSGSEND = YES;
				GCC_C_LANGUAGE_STANDARD = gnu99;
				GCC_WARN_64_TO_32_BIT_CONVERSION = YES;
				GCC_WARN_ABOUT_RETURN_TYPE = YES_ERROR;
				GCC_WARN_UNDECLARED_SELECTOR = YES;
				GCC_WARN_UNINITIALIZED_AUTOS = YES_AGGRESSIVE;
				GCC_WARN_UNUSED_FUNCTION = YES;
				GCC_WARN_UNUSED_VARIABLE = YES;
				IPHONEOS_DEPLOYMENT_TARGET = 8.1;
				MTL_ENABLE_DEBUG_INFO = NO;
				SDKROOT = iphoneos;
				VALIDATE_PRODUCT = YES;
			};
			name = Release;
		};
		28AB32841A858E7A00CB8E32 /* Debug */ = {
			isa = XCBuildConfiguration;
			buildSettings = {
				ASSETCATALOG_COMPILER_APPICON_NAME = AppIcon;
				INFOPLIST_FILE = "Man's Best Friend/Info.plist";
				LD_RUNPATH_SEARCH_PATHS = "$(inherited) @executable_path/Frameworks";
				PRODUCT_NAME = "$(TARGET_NAME)";
			};
			name = Debug;
		};
		28AB32851A858E7A00CB8E32 /* Release */ = {
			isa = XCBuildConfiguration;
			buildSettings = {
				ASSETCATALOG_COMPILER_APPICON_NAME = AppIcon;
				INFOPLIST_FILE = "Man's Best Friend/Info.plist";
				LD_RUNPATH_SEARCH_PATHS = "$(inherited) @executable_path/Frameworks";
				PRODUCT_NAME = "$(TARGET_NAME)";
			};
			name = Release;
		};
		28AB32871A858E7A00CB8E32 /* Debug */ = {
			isa = XCBuildConfiguration;
			buildSettings = {
				BUNDLE_LOADER = "$(TEST_HOST)";
				FRAMEWORK_SEARCH_PATHS = (
					"$(SDKROOT)/Developer/Library/Frameworks",
					"$(inherited)",
				);
				GCC_PREPROCESSOR_DEFINITIONS = (
					"DEBUG=1",
					"$(inherited)",
				);
				INFOPLIST_FILE = "Man's Best FriendTests/Info.plist";
				LD_RUNPATH_SEARCH_PATHS = "$(inherited) @executable_path/Frameworks @loader_path/Frameworks";
				PRODUCT_NAME = "$(TARGET_NAME)";
				TEST_HOST = "$(BUILT_PRODUCTS_DIR)/Man's Best Friend.app/Man's Best Friend";
			};
			name = Debug;
		};
		28AB32881A858E7A00CB8E32 /* Release */ = {
			isa = XCBuildConfiguration;
			buildSettings = {
				BUNDLE_LOADER = "$(TEST_HOST)";
				FRAMEWORK_SEARCH_PATHS = (
					"$(SDKROOT)/Developer/Library/Frameworks",
					"$(inherited)",
				);
				INFOPLIST_FILE = "Man's Best FriendTests/Info.plist";
				LD_RUNPATH_SEARCH_PATHS = "$(inherited) @executable_path/Frameworks @loader_path/Frameworks";
				PRODUCT_NAME = "$(TARGET_NAME)";
				TEST_HOST = "$(BUILT_PRODUCTS_DIR)/Man's Best Friend.app/Man's Best Friend";
			};
			name = Release;
		};
/* End XCBuildConfiguration section */

/* Begin XCConfigurationList section */
		28AB32581A858E7A00CB8E32 /* Build configuration list for PBXProject "Man's Best Friend" */ = {
			isa = XCConfigurationList;
			buildConfigurations = (
				28AB32811A858E7A00CB8E32 /* Debug */,
				28AB32821A858E7A00CB8E32 /* Release */,
			);
			defaultConfigurationIsVisible = 0;
			defaultConfigurationName = Release;
		};
		28AB32831A858E7A00CB8E32 /* Build configuration list for PBXNativeTarget "Man's Best Friend" */ = {
			isa = XCConfigurationList;
			buildConfigurations = (
				28AB32841A858E7A00CB8E32 /* Debug */,
				28AB32851A858E7A00CB8E32 /* Release */,
			);
			defaultConfigurationIsVisible = 0;
		};
		28AB32861A858E7A00CB8E32 /* Build configuration list for PBXNativeTarget "Man's Best FriendTests" */ = {
			isa = XCConfigurationList;
			buildConfigurations = (
				28AB32871A858E7A00CB8E32 /* Debug */,
				28AB32881A858E7A00CB8E32 /* Release */,
			);
			defaultConfigurationIsVisible = 0;
		};
/* End XCConfigurationList section */

/* Begin XCVersionGroup section */
		28AB32671A858E7A00CB8E32 /* Man_s_Best_Friend.xcdatamodeld */ = {
			isa = XCVersionGroup;
			children = (
				28AB32681A858E7A00CB8E32 /* Man_s_Best_Friend.xcdatamodel */,
			);
			currentVersion = 28AB32681A858E7A00CB8E32 /* Man_s_Best_Friend.xcdatamodel */;
			path = Man_s_Best_Friend.xcdatamodeld;
			sourceTree = "<group>";
			versionGroupType = wrapper.xcdatamodel;
		};
/* End XCVersionGroup section */
	};
	rootObject = 28AB32551A858E7A00CB8E32 /* Project object */;
}
